
Microsoft Visual Studio Solution File, Format Version 12.00
# Visual Studio Version 18
VisualStudioVersion = 18.0.11205.157
MinimumVisualStudioVersion = 10.0.40219.1
Project("{2150E333-8FDC-42A3-9474-1A3956D46DE8}") = "1 - Presentation", "1 - Presentation", "{02EA681E-C7D8-13C7-8484-4AC65E1B71E8}"
EndProject
Project("{2150E333-8FDC-42A3-9474-1A3956D46DE8}") = "2 - Workers", "2 - Workers", "{1E94EF67-087E-4AFD-9888-8CE8A08D364E}"
EndProject
Project("{2150E333-8FDC-42A3-9474-1A3956D46DE8}") = "3 - Application", "3 - Application", "{501FBE02-9B4D-4375-A214-7762CA36A340}"
EndProject
Project("{2150E333-8FDC-42A3-9474-1A3956D46DE8}") = "4 - Domain", "4 - Domain", "{355DBBB3-6A8C-4914-820B-F99008FC977A}"
EndProject
Project("{2150E333-8FDC-42A3-9474-1A3956D46DE8}") = "5 - Infra", "5 - Infra", "{794887FC-03E6-42E8-BCB9-40E16704FECD}"
EndProject
Project("{FAE04EC0-301F-11D3-BF4B-00C04F79EFBC}") = "Fora.Api", "src\Fora.Api\Fora.Api.csproj", "{7BAE3F7D-E01A-4205-951F-C389E188345E}"
EndProject
Project("{FAE04EC0-301F-11D3-BF4B-00C04F79EFBC}") = "Fora.Application", "src\Fora.Application\Fora.Application.csproj", "{4C8B2155-8728-4BF4-8EF3-BF6257336B62}"
EndProject
Project("{2150E333-8FDC-42A3-9474-1A3956D46DE8}") = "5.1 - Data", "5.1 - Data", "{51B9B377-D704-4A0B-A19A-02C0143FD3B4}"
EndProject
Project("{2150E333-8FDC-42A3-9474-1A3956D46DE8}") = "5.2 - CrossCutting", "5.2 - CrossCutting", "{98495FAF-85B4-4843-97FE-ED99E281F2DC}"
EndProject
Project("{2150E333-8FDC-42A3-9474-1A3956D46DE8}") = "5.3 - Security", "5.3 - Security", "{08EAD65C-05EA-4031-84E2-6D87B0FA4C26}"
EndProject
Project("{FAE04EC0-301F-11D3-BF4B-00C04F79EFBC}") = "Fora.Domain", "src\Fora.Domain\Fora.Domain.csproj", "{C08EC993-554C-48FD-9DC4-A3D463BA22F9}"
EndProject
Project("{FAE04EC0-301F-11D3-BF4B-00C04F79EFBC}") = "Fora.Infra.Data", "src\Fora.Infra.Data\Fora.Infra.Data.csproj", "{D26FEB96-16DE-43C8-8B5A-3FBBC788E9A3}"
EndProject
Project("{FAE04EC0-301F-11D3-BF4B-00C04F79EFBC}") = "Fora.Infra.CrossCutting", "src\Fora.Infra.CrossCutting\Fora.Infra.CrossCutting.csproj", "{9BDD1A00-7614-426B-A218-404DBAF17E22}"
EndProject
Project("{FAE04EC0-301F-11D3-BF4B-00C04F79EFBC}") = "Fora.Infra.Security", "src\Fora.Infra.Security\Fora.Infra.Security.csproj", "{78906962-8B5A-4A34-B2BF-1CD41304F373}"
EndProject
Project("{FAE04EC0-301F-11D3-BF4B-00C04F79EFBC}") = "Fora.Worker.DataImporter", "src\Fora.Worker.DataImporter\Fora.Worker.DataImporter.csproj", "{D3C2781A-2DCC-477F-9E17-C8511903F86D}"
EndProject
Project("{2150E333-8FDC-42A3-9474-1A3956D46DE8}") = "5.4 - ExternalCommunication", "5.4 - ExternalCommunication", "{49839B8E-99D2-4C77-A64C-BE7B2549B86C}"
EndProject
Project("{FAE04EC0-301F-11D3-BF4B-00C04F79EFBC}") = "Fora.Infra.ExternalCommunication.EdgarApiClient", "src\Fora.Infra.ExternalCommunication.EdgarApiClient\Fora.Infra.ExternalCommunication.EdgarApiClient.csproj", "{725B8E0C-0923-41FC-A871-7F782640C340}"
EndProject
Project("{2150E333-8FDC-42A3-9474-1A3956D46DE8}") = "6 - Tests", "6 - Tests", "{7AAA191E-8281-4E38-BECD-A72C165B4AFC}"
EndProject
Project("{FAE04EC0-301F-11D3-BF4B-00C04F79EFBC}") = "Fora.Domain.UnitTests", "test\Fora.Domain.UnitTests\Fora.Domain.UnitTests.csproj", "{1930CEBD-AAD8-4569-81E0-A893F9CDE21F}"
EndProject
Global
	GlobalSection(SolutionConfigurationPlatforms) = preSolution
		Debug|Any CPU = Debug|Any CPU
		Release|Any CPU = Release|Any CPU
	EndGlobalSection
	GlobalSection(ProjectConfigurationPlatforms) = postSolution
		{7BAE3F7D-E01A-4205-951F-C389E188345E}.Debug|Any CPU.ActiveCfg = Debug|Any CPU
		{7BAE3F7D-E01A-4205-951F-C389E188345E}.Debug|Any CPU.Build.0 = Debug|Any CPU
		{7BAE3F7D-E01A-4205-951F-C389E188345E}.Release|Any CPU.ActiveCfg = Release|Any CPU
		{7BAE3F7D-E01A-4205-951F-C389E188345E}.Release|Any CPU.Build.0 = Release|Any CPU
		{4C8B2155-8728-4BF4-8EF3-BF6257336B62}.Debug|Any CPU.ActiveCfg = Debug|Any CPU
		{4C8B2155-8728-4BF4-8EF3-BF6257336B62}.Debug|Any CPU.Build.0 = Debug|Any CPU
		{4C8B2155-8728-4BF4-8EF3-BF6257336B62}.Release|Any CPU.ActiveCfg = Release|Any CPU
		{4C8B2155-8728-4BF4-8EF3-BF6257336B62}.Release|Any CPU.Build.0 = Release|Any CPU
		{C08EC993-554C-48FD-9DC4-A3D463BA22F9}.Debug|Any CPU.ActiveCfg = Debug|Any CPU
		{C08EC993-554C-48FD-9DC4-A3D463BA22F9}.Debug|Any CPU.Build.0 = Debug|Any CPU
		{C08EC993-554C-48FD-9DC4-A3D463BA22F9}.Release|Any CPU.ActiveCfg = Release|Any CPU
		{C08EC993-554C-48FD-9DC4-A3D463BA22F9}.Release|Any CPU.Build.0 = Release|Any CPU
		{D26FEB96-16DE-43C8-8B5A-3FBBC788E9A3}.Debug|Any CPU.ActiveCfg = Debug|Any CPU
		{D26FEB96-16DE-43C8-8B5A-3FBBC788E9A3}.Debug|Any CPU.Build.0 = Debug|Any CPU
		{D26FEB96-16DE-43C8-8B5A-3FBBC788E9A3}.Release|Any CPU.ActiveCfg = Release|Any CPU
		{D26FEB96-16DE-43C8-8B5A-3FBBC788E9A3}.Release|Any CPU.Build.0 = Release|Any CPU
		{9BDD1A00-7614-426B-A218-404DBAF17E22}.Debug|Any CPU.ActiveCfg = Debug|Any CPU
		{9BDD1A00-7614-426B-A218-404DBAF17E22}.Debug|Any CPU.Build.0 = Debug|Any CPU
		{9BDD1A00-7614-426B-A218-404DBAF17E22}.Release|Any CPU.ActiveCfg = Release|Any CPU
		{9BDD1A00-7614-426B-A218-404DBAF17E22}.Release|Any CPU.Build.0 = Release|Any CPU
		{78906962-8B5A-4A34-B2BF-1CD41304F373}.Debug|Any CPU.ActiveCfg = Debug|Any CPU
		{78906962-8B5A-4A34-B2BF-1CD41304F373}.Debug|Any CPU.Build.0 = Debug|Any CPU
		{78906962-8B5A-4A34-B2BF-1CD41304F373}.Release|Any CPU.ActiveCfg = Release|Any CPU
		{78906962-8B5A-4A34-B2BF-1CD41304F373}.Release|Any CPU.Build.0 = Release|Any CPU
		{D3C2781A-2DCC-477F-9E17-C8511903F86D}.Debug|Any CPU.ActiveCfg = Debug|Any CPU
		{D3C2781A-2DCC-477F-9E17-C8511903F86D}.Debug|Any CPU.Build.0 = Debug|Any CPU
		{D3C2781A-2DCC-477F-9E17-C8511903F86D}.Release|Any CPU.ActiveCfg = Release|Any CPU
		{D3C2781A-2DCC-477F-9E17-C8511903F86D}.Release|Any CPU.Build.0 = Release|Any CPU
		{725B8E0C-0923-41FC-A871-7F782640C340}.Debug|Any CPU.ActiveCfg = Debug|Any CPU
		{725B8E0C-0923-41FC-A871-7F782640C340}.Debug|Any CPU.Build.0 = Debug|Any CPU
		{725B8E0C-0923-41FC-A871-7F782640C340}.Release|Any CPU.ActiveCfg = Release|Any CPU
		{725B8E0C-0923-41FC-A871-7F782640C340}.Release|Any CPU.Build.0 = Release|Any CPU
		{1930CEBD-AAD8-4569-81E0-A893F9CDE21F}.Debug|Any CPU.ActiveCfg = Debug|Any CPU
		{1930CEBD-AAD8-4569-81E0-A893F9CDE21F}.Debug|Any CPU.Build.0 = Debug|Any CPU
		{1930CEBD-AAD8-4569-81E0-A893F9CDE21F}.Release|Any CPU.ActiveCfg = Release|Any CPU
		{1930CEBD-AAD8-4569-81E0-A893F9CDE21F}.Release|Any CPU.Build.0 = Release|Any CPU
	EndGlobalSection
	GlobalSection(SolutionProperties) = preSolution
		HideSolutionNode = FALSE
	EndGlobalSection
	GlobalSection(NestedProjects) = preSolution
		{7BAE3F7D-E01A-4205-951F-C389E188345E} = {02EA681E-C7D8-13C7-8484-4AC65E1B71E8}
		{4C8B2155-8728-4BF4-8EF3-BF6257336B62} = {501FBE02-9B4D-4375-A214-7762CA36A340}
		{51B9B377-D704-4A0B-A19A-02C0143FD3B4} = {794887FC-03E6-42E8-BCB9-40E16704FECD}
		{98495FAF-85B4-4843-97FE-ED99E281F2DC} = {794887FC-03E6-42E8-BCB9-40E16704FECD}
		{08EAD65C-05EA-4031-84E2-6D87B0FA4C26} = {794887FC-03E6-42E8-BCB9-40E16704FECD}
		{C08EC993-554C-48FD-9DC4-A3D463BA22F9} = {355DBBB3-6A8C-4914-820B-F99008FC977A}
		{D26FEB96-16DE-43C8-8B5A-3FBBC788E9A3} = {51B9B377-D704-4A0B-A19A-02C0143FD3B4}
		{9BDD1A00-7614-426B-A218-404DBAF17E22} = {98495FAF-85B4-4843-97FE-ED99E281F2DC}
		{78906962-8B5A-4A34-B2BF-1CD41304F373} = {08EAD65C-05EA-4031-84E2-6D87B0FA4C26}
		{D3C2781A-2DCC-477F-9E17-C8511903F86D} = {1E94EF67-087E-4AFD-9888-8CE8A08D364E}
		{49839B8E-99D2-4C77-A64C-BE7B2549B86C} = {794887FC-03E6-42E8-BCB9-40E16704FECD}
		{725B8E0C-0923-41FC-A871-7F782640C340} = {49839B8E-99D2-4C77-A64C-BE7B2549B86C}
		{1930CEBD-AAD8-4569-81E0-A893F9CDE21F} = {7AAA191E-8281-4E38-BECD-A72C165B4AFC}
	EndGlobalSection
	GlobalSection(ExtensibilityGlobals) = postSolution
		SolutionGuid = {EA2E1E75-1DBE-42DC-84AD-645DA701E106}
	EndGlobalSection
EndGlobal
